
Microsoft Visual Studio Solution File, Format Version 12.00
# Visual Studio Version 17
VisualStudioVersion = 17.5.002.0
MinimumVisualStudioVersion = 10.0.40219.1
Project("{2150E333-8FDC-42A3-9474-1A3956D46DE8}") = "week01", "week01", "{74DCF8F3-FFDE-43CD-81AC-C3C162E6F367}"
EndProject
Project("{9A19103F-16F7-4668-BE54-9A1E7A4F7556}") = "code", "week01\code\code.csproj", "{AC1FB842-CBC0-4FBD-9869-F519E3A5CA12}"
EndProject
Project("{9A19103F-16F7-4668-BE54-9A1E7A4F7556}") = "analyze", "week01\analyze\analyze.csproj", "{7894122B-8B6F-4655-8FA2-EE7CDBF9F62E}"
EndProject
Project("{9A19103F-16F7-4668-BE54-9A1E7A4F7556}") = "teach", "week01\teach\teach.csproj", "{56D70939-FF45-4818-BCCD-09669C7B538D}"
EndProject
Project("{2150E333-8FDC-42A3-9474-1A3956D46DE8}") = "week06", "week06", "{43F11BEC-8098-4CC2-B811-414ACC9672E2}"
EndProject
Project("{9A19103F-16F7-4668-BE54-9A1E7A4F7556}") = "code", "week06\code\code.csproj", "{64A26211-8EE8-47F9-9DCE-A9F3D6F572E2}"
EndProject
Project("{2150E333-8FDC-42A3-9474-1A3956D46DE8}") = "sandbox", "sandbox", "{1862DF44-1E73-4F68-8A2A-6049952B9370}"
EndProject
Project("{9A19103F-16F7-4668-BE54-9A1E7A4F7556}") = "sandbox_project", "sandbox\sandbox_project\sandbox_project.csproj", "{088FA82C-6AEE-461F-9021-840D27D5F54E}"
EndProject
Project("{2150E333-8FDC-42A3-9474-1A3956D46DE8}") = "week05", "week05", "{ED609ECE-FD39-4CCE-85B1-2B5EE28FB610}"
EndProject
Project("{9A19103F-16F7-4668-BE54-9A1E7A4F7556}") = "code", "week05\code\code.csproj", "{5A1786FB-BC8D-4C99-8713-3C9652E8463C}"
EndProject
Project("{2150E333-8FDC-42A3-9474-1A3956D46DE8}") = "week02", "week02", "{A4DF8191-73AE-4C2F-8A71-96161F522505}"
EndProject
Project("{9A19103F-16F7-4668-BE54-9A1E7A4F7556}") = "learn", "week02\learn\learn.csproj", "{DBCBCBBE-33DA-49BB-BE49-534C3EAADF32}"
EndProject
Project("{9A19103F-16F7-4668-BE54-9A1E7A4F7556}") = "code", "week02\code\code.csproj", "{37DBC48B-1D9F-4B58-99D9-4CC3374B81E8}"
EndProject
Project("{9A19103F-16F7-4668-BE54-9A1E7A4F7556}") = "analyze", "week02\analyze\analyze.csproj", "{B7FBB87C-3753-47C3-9D9E-37495E7AA3E4}"
EndProject
Project("{9A19103F-16F7-4668-BE54-9A1E7A4F7556}") = "teach", "week02\teach\teach.csproj", "{865C99E6-56B3-43AF-B215-0A6B22112577}"
EndProject
Project("{2150E333-8FDC-42A3-9474-1A3956D46DE8}") = "week03", "week03", "{165757D8-B599-4A46-922E-B486E4840465}"
EndProject
Project("{9A19103F-16F7-4668-BE54-9A1E7A4F7556}") = "learn", "week03\learn\learn.csproj", "{4391CD5C-767A-4288-84E1-C6C1620380CF}"
EndProject
Project("{9A19103F-16F7-4668-BE54-9A1E7A4F7556}") = "code", "week03\code\code.csproj", "{3C2FA1A3-7042-4821-B918-75223B9A5AF2}"
EndProject
Project("{9A19103F-16F7-4668-BE54-9A1E7A4F7556}") = "teach", "week03\teach\teach.csproj", "{EE82074A-ED04-48B7-BAAF-1445F2DDB2C7}"
EndProject
Project("{2150E333-8FDC-42A3-9474-1A3956D46DE8}") = "week04", "week04", "{C2FC3F30-2423-40F6-88F1-DECFE86EA7D3}"
EndProject
Project("{9A19103F-16F7-4668-BE54-9A1E7A4F7556}") = "code", "week04\code\code.csproj", "{58F822A8-CF74-4B0A-B447-8636C9441A7B}"
EndProject
Global
	GlobalSection(SolutionConfigurationPlatforms) = preSolution
		Debug|Any CPU = Debug|Any CPU
		Release|Any CPU = Release|Any CPU
	EndGlobalSection
	GlobalSection(ProjectConfigurationPlatforms) = postSolution
		{AC1FB842-CBC0-4FBD-9869-F519E3A5CA12}.Debug|Any CPU.ActiveCfg = Debug|Any CPU
		{AC1FB842-CBC0-4FBD-9869-F519E3A5CA12}.Debug|Any CPU.Build.0 = Debug|Any CPU
		{AC1FB842-CBC0-4FBD-9869-F519E3A5CA12}.Release|Any CPU.ActiveCfg = Release|Any CPU
		{AC1FB842-CBC0-4FBD-9869-F519E3A5CA12}.Release|Any CPU.Build.0 = Release|Any CPU
		{7894122B-8B6F-4655-8FA2-EE7CDBF9F62E}.Debug|Any CPU.ActiveCfg = Debug|Any CPU
		{7894122B-8B6F-4655-8FA2-EE7CDBF9F62E}.Debug|Any CPU.Build.0 = Debug|Any CPU
		{7894122B-8B6F-4655-8FA2-EE7CDBF9F62E}.Release|Any CPU.ActiveCfg = Release|Any CPU
		{7894122B-8B6F-4655-8FA2-EE7CDBF9F62E}.Release|Any CPU.Build.0 = Release|Any CPU
		{56D70939-FF45-4818-BCCD-09669C7B538D}.Debug|Any CPU.ActiveCfg = Debug|Any CPU
		{56D70939-FF45-4818-BCCD-09669C7B538D}.Debug|Any CPU.Build.0 = Debug|Any CPU
		{56D70939-FF45-4818-BCCD-09669C7B538D}.Release|Any CPU.ActiveCfg = Release|Any CPU
		{56D70939-FF45-4818-BCCD-09669C7B538D}.Release|Any CPU.Build.0 = Release|Any CPU
		{64A26211-8EE8-47F9-9DCE-A9F3D6F572E2}.Debug|Any CPU.ActiveCfg = Debug|Any CPU
		{64A26211-8EE8-47F9-9DCE-A9F3D6F572E2}.Debug|Any CPU.Build.0 = Debug|Any CPU
		{64A26211-8EE8-47F9-9DCE-A9F3D6F572E2}.Release|Any CPU.ActiveCfg = Release|Any CPU
		{64A26211-8EE8-47F9-9DCE-A9F3D6F572E2}.Release|Any CPU.Build.0 = Release|Any CPU
		{088FA82C-6AEE-461F-9021-840D27D5F54E}.Debug|Any CPU.ActiveCfg = Debug|Any CPU
		{088FA82C-6AEE-461F-9021-840D27D5F54E}.Debug|Any CPU.Build.0 = Debug|Any CPU
		{088FA82C-6AEE-461F-9021-840D27D5F54E}.Release|Any CPU.ActiveCfg = Release|Any CPU
		{088FA82C-6AEE-461F-9021-840D27D5F54E}.Release|Any CPU.Build.0 = Release|Any CPU
		{5A1786FB-BC8D-4C99-8713-3C9652E8463C}.Debug|Any CPU.ActiveCfg = Debug|Any CPU
		{5A1786FB-BC8D-4C99-8713-3C9652E8463C}.Debug|Any CPU.Build.0 = Debug|Any CPU
		{5A1786FB-BC8D-4C99-8713-3C9652E8463C}.Release|Any CPU.ActiveCfg = Release|Any CPU
		{5A1786FB-BC8D-4C99-8713-3C9652E8463C}.Release|Any CPU.Build.0 = Release|Any CPU
		{DBCBCBBE-33DA-49BB-BE49-534C3EAADF32}.Debug|Any CPU.ActiveCfg = Debug|Any CPU
		{DBCBCBBE-33DA-49BB-BE49-534C3EAADF32}.Debug|Any CPU.Build.0 = Debug|Any CPU
		{DBCBCBBE-33DA-49BB-BE49-534C3EAADF32}.Release|Any CPU.ActiveCfg = Release|Any CPU
		{DBCBCBBE-33DA-49BB-BE49-534C3EAADF32}.Release|Any CPU.Build.0 = Release|Any CPU
		{37DBC48B-1D9F-4B58-99D9-4CC3374B81E8}.Debug|Any CPU.ActiveCfg = Debug|Any CPU
		{37DBC48B-1D9F-4B58-99D9-4CC3374B81E8}.Debug|Any CPU.Build.0 = Debug|Any CPU
		{37DBC48B-1D9F-4B58-99D9-4CC3374B81E8}.Release|Any CPU.ActiveCfg = Release|Any CPU
		{37DBC48B-1D9F-4B58-99D9-4CC3374B81E8}.Release|Any CPU.Build.0 = Release|Any CPU
		{B7FBB87C-3753-47C3-9D9E-37495E7AA3E4}.Debug|Any CPU.ActiveCfg = Debug|Any CPU
		{B7FBB87C-3753-47C3-9D9E-37495E7AA3E4}.Debug|Any CPU.Build.0 = Debug|Any CPU
		{B7FBB87C-3753-47C3-9D9E-37495E7AA3E4}.Release|Any CPU.ActiveCfg = Release|Any CPU
		{B7FBB87C-3753-47C3-9D9E-37495E7AA3E4}.Release|Any CPU.Build.0 = Release|Any CPU
		{865C99E6-56B3-43AF-B215-0A6B22112577}.Debug|Any CPU.ActiveCfg = Debug|Any CPU
		{865C99E6-56B3-43AF-B215-0A6B22112577}.Debug|Any CPU.Build.0 = Debug|Any CPU
		{865C99E6-56B3-43AF-B215-0A6B22112577}.Release|Any CPU.ActiveCfg = Release|Any CPU
		{865C99E6-56B3-43AF-B215-0A6B22112577}.Release|Any CPU.Build.0 = Release|Any CPU
		{4391CD5C-767A-4288-84E1-C6C1620380CF}.Debug|Any CPU.ActiveCfg = Debug|Any CPU
		{4391CD5C-767A-4288-84E1-C6C1620380CF}.Debug|Any CPU.Build.0 = Debug|Any CPU
		{4391CD5C-767A-4288-84E1-C6C1620380CF}.Release|Any CPU.ActiveCfg = Release|Any CPU
		{4391CD5C-767A-4288-84E1-C6C1620380CF}.Release|Any CPU.Build.0 = Release|Any CPU
		{3C2FA1A3-7042-4821-B918-75223B9A5AF2}.Debug|Any CPU.ActiveCfg = Debug|Any CPU
		{3C2FA1A3-7042-4821-B918-75223B9A5AF2}.Debug|Any CPU.Build.0 = Debug|Any CPU
		{3C2FA1A3-7042-4821-B918-75223B9A5AF2}.Release|Any CPU.ActiveCfg = Release|Any CPU
		{3C2FA1A3-7042-4821-B918-75223B9A5AF2}.Release|Any CPU.Build.0 = Release|Any CPU
		{EE82074A-ED04-48B7-BAAF-1445F2DDB2C7}.Debug|Any CPU.ActiveCfg = Debug|Any CPU
		{EE82074A-ED04-48B7-BAAF-1445F2DDB2C7}.Debug|Any CPU.Build.0 = Debug|Any CPU
		{EE82074A-ED04-48B7-BAAF-1445F2DDB2C7}.Release|Any CPU.ActiveCfg = Release|Any CPU
		{EE82074A-ED04-48B7-BAAF-1445F2DDB2C7}.Release|Any CPU.Build.0 = Release|Any CPU
		{58F822A8-CF74-4B0A-B447-8636C9441A7B}.Debug|Any CPU.ActiveCfg = Debug|Any CPU
		{58F822A8-CF74-4B0A-B447-8636C9441A7B}.Debug|Any CPU.Build.0 = Debug|Any CPU
		{58F822A8-CF74-4B0A-B447-8636C9441A7B}.Release|Any CPU.ActiveCfg = Release|Any CPU
		{58F822A8-CF74-4B0A-B447-8636C9441A7B}.Release|Any CPU.Build.0 = Release|Any CPU
	EndGlobalSection
	GlobalSection(SolutionProperties) = preSolution
		HideSolutionNode = FALSE
	EndGlobalSection
	GlobalSection(NestedProjects) = preSolution
		{AC1FB842-CBC0-4FBD-9869-F519E3A5CA12} = {74DCF8F3-FFDE-43CD-81AC-C3C162E6F367}
		{7894122B-8B6F-4655-8FA2-EE7CDBF9F62E} = {74DCF8F3-FFDE-43CD-81AC-C3C162E6F367}
		{56D70939-FF45-4818-BCCD-09669C7B538D} = {74DCF8F3-FFDE-43CD-81AC-C3C162E6F367}
		{64A26211-8EE8-47F9-9DCE-A9F3D6F572E2} = {43F11BEC-8098-4CC2-B811-414ACC9672E2}
		{088FA82C-6AEE-461F-9021-840D27D5F54E} = {1862DF44-1E73-4F68-8A2A-6049952B9370}
		{5A1786FB-BC8D-4C99-8713-3C9652E8463C} = {ED609ECE-FD39-4CCE-85B1-2B5EE28FB610}
		{DBCBCBBE-33DA-49BB-BE49-534C3EAADF32} = {A4DF8191-73AE-4C2F-8A71-96161F522505}
		{37DBC48B-1D9F-4B58-99D9-4CC3374B81E8} = {A4DF8191-73AE-4C2F-8A71-96161F522505}
		{B7FBB87C-3753-47C3-9D9E-37495E7AA3E4} = {A4DF8191-73AE-4C2F-8A71-96161F522505}
		{865C99E6-56B3-43AF-B215-0A6B22112577} = {A4DF8191-73AE-4C2F-8A71-96161F522505}
		{4391CD5C-767A-4288-84E1-C6C1620380CF} = {165757D8-B599-4A46-922E-B486E4840465}
		{3C2FA1A3-7042-4821-B918-75223B9A5AF2} = {165757D8-B599-4A46-922E-B486E4840465}
		{EE82074A-ED04-48B7-BAAF-1445F2DDB2C7} = {165757D8-B599-4A46-922E-B486E4840465}
		{58F822A8-CF74-4B0A-B447-8636C9441A7B} = {C2FC3F30-2423-40F6-88F1-DECFE86EA7D3}
	EndGlobalSection
	GlobalSection(ExtensibilityGlobals) = postSolution
		SolutionGuid = {4C7D731A-D6C5-449B-862E-01273EBB0FB5}
	EndGlobalSection
EndGlobal
